<?xml version="1.0" encoding="utf-8"?>
<Project ToolsVersion="4.0" xmlns="http://schemas.microsoft.com/developer/msbuild/2003">
  <ItemGroup>
    <Filter Include="소스 파일">
      <UniqueIdentifier>{4FC737F1-C7A5-4376-A066-2A32D752A2FF}</UniqueIdentifier>
      <Extensions>cpp;c;cc;cxx;c++;cppm;ixx;def;odl;idl;hpj;bat;asm;asmx</Extensions>
    </Filter>
    <Filter Include="헤더 파일">
      <UniqueIdentifier>{93995380-89BD-4b04-88EB-625FBE52EBFB}</UniqueIdentifier>
      <Extensions>h;hh;hpp;hxx;h++;hm;inl;inc;ipp;xsd</Extensions>
    </Filter>
    <Filter Include="리소스 파일">
      <UniqueIdentifier>{67DA6AB6-F800-4c08-8B7A-83BB121AAD01}</UniqueIdentifier>
      <Extensions>rc;ico;cur;bmp;dlg;rc2;rct;bin;rgs;gif;jpg;jpeg;jpe;resx;tiff;tif;png;wav;mfcribbon-ms</Extensions>
    </Filter>
  </ItemGroup>
  <ItemGroup>
    <ClInclude Include="SmartRayViewer.h">
      <Filter>헤더 파일</Filter>
    </ClInclude>
    <ClInclude Include="SmartRayViewerDlg.h">
      <Filter>헤더 파일</Filter>
    </ClInclude>
    <ClInclude Include="framework.h">
      <Filter>헤더 파일</Filter>
    </ClInclude>
    <ClInclude Include="targetver.h">
      <Filter>헤더 파일</Filter>
    </ClInclude>
    <ClInclude Include="Resource.h">
      <Filter>헤더 파일</Filter>
    </ClInclude>
    <ClInclude Include="pch.h">
      <Filter>헤더 파일</Filter>
    </ClInclude>
    <ClInclude Include="UIHelper.h">
      <Filter>헤더 파일</Filter>
    </ClInclude>
    <ClInclude Include="TimerDefine.h">
      <Filter>헤더 파일</Filter>
    </ClInclude>
    <ClInclude Include="ColorDefine.h">
      <Filter>헤더 파일</Filter>
    </ClInclude>
    <ClInclude Include="ZMapRenderer.h">
      <Filter>헤더 파일</Filter>
    </ClInclude>
    <ClInclude Include="VtkPointCloudView.h">
      <Filter>헤더 파일</Filter>
    </ClInclude>
    <ClInclude Include="SmartRaySensor.h">
      <Filter>헤더 파일</Filter>
    </ClInclude>
    <ClInclude Include="GrabHelper.h">
      <Filter>헤더 파일</Filter>
    </ClInclude>
    <ClInclude Include="LogManager.h">
      <Filter>헤더 파일</Filter>
    </ClInclude>
    <ClInclude Include="DlgLog.h">
      <Filter>헤더 파일</Filter>
    </ClInclude>
    <ClInclude Include="Common.h">
      <Filter>헤더 파일</Filter>
    </ClInclude>
    <ClInclude Include="Result.h">
      <Filter>헤더 파일</Filter>
    </ClInclude>
    <ClInclude Include="DlgParam.h">
      <Filter>헤더 파일</Filter>
    </ClInclude>
    <ClInclude Include="AppStore.h">
      <Filter>헤더 파일</Filter>
    </ClInclude>
    <ClInclude Include="SR_Common.h">
      <Filter>헤더 파일</Filter>
    </ClInclude>
  </ItemGroup>
  <ItemGroup>
    <ClCompile Include="SmartRayViewer.cpp">
      <Filter>소스 파일</Filter>
    </ClCompile>
    <ClCompile Include="SmartRayViewerDlg.cpp">
      <Filter>소스 파일</Filter>
    </ClCompile>
    <ClCompile Include="pch.cpp">
      <Filter>소스 파일</Filter>
    </ClCompile>
    <ClCompile Include="UIHelper.cpp">
      <Filter>소스 파일</Filter>
    </ClCompile>
    <ClCompile Include="ZMapRenderer.cpp">
      <Filter>소스 파일</Filter>
    </ClCompile>
    <ClCompile Include="VtkPointCloudView.cpp">
      <Filter>소스 파일</Filter>
    </ClCompile>
    <ClCompile Include="SmartRaySensor.cpp">
      <Filter>소스 파일</Filter>
    </ClCompile>
    <ClCompile Include="GrabHelper.cpp">
      <Filter>소스 파일</Filter>
    </ClCompile>
    <ClCompile Include="LogManager.cpp">
      <Filter>소스 파일</Filter>
    </ClCompile>
    <ClCompile Include="DlgLog.cpp">
      <Filter>소스 파일</Filter>
    </ClCompile>
    <ClCompile Include="Result.cpp">
      <Filter>소스 파일</Filter>
    </ClCompile>
    <ClCompile Include="DlgParam.cpp">
      <Filter>소스 파일</Filter>
    </ClCompile>
  </ItemGroup>
  <ItemGroup>
    <ResourceCompile Include="SmartRayViewer.rc">
      <Filter>리소스 파일</Filter>
    </ResourceCompile>
  </ItemGroup>
  <ItemGroup>
    <None Include="res\SmartRayViewer.rc2">
      <Filter>리소스 파일</Filter>
    </None>
  </ItemGroup>
  <ItemGroup>
    <Image Include="res\SmartRayViewer.ico">
      <Filter>리소스 파일</Filter>
    </Image>
  </ItemGroup>
</Project>